// !$*UTF8*$!
{
	archiveVersion = 1;
	classes = {
	};
	objectVersion = 46;
	objects = {

/* Begin PBXBuildFile section */
		EE606D471BE459DD0045FB80 /* main.m in Sources */ = {isa = PBXBuildFile; fileRef = EE606D461BE459DD0045FB80 /* main.m */; };
		EE606D4A1BE459DD0045FB80 /* AppDelegate.m in Sources */ = {isa = PBXBuildFile; fileRef = EE606D491BE459DD0045FB80 /* AppDelegate.m */; };
		EE606D4D1BE459DD0045FB80 /* ViewController.m in Sources */ = {isa = PBXBuildFile; fileRef = EE606D4C1BE459DD0045FB80 /* ViewController.m */; };
		EE606D501BE459DD0045FB80 /* Main.storyboard in Resources */ = {isa = PBXBuildFile; fileRef = EE606D4E1BE459DD0045FB80 /* Main.storyboard */; };
		EE606D521BE459DD0045FB80 /* Assets.xcassets in Resources */ = {isa = PBXBuildFile; fileRef = EE606D511BE459DD0045FB80 /* Assets.xcassets */; };
		EE606D551BE459DD0045FB80 /* LaunchScreen.storyboard in Resources */ = {isa = PBXBuildFile; fileRef = EE606D531BE459DD0045FB80 /* LaunchScreen.storyboard */; };
		EE606D601BE459DD0045FB80 /* QRAVFoundationTests.m in Sources */ = {isa = PBXBuildFile; fileRef = EE606D5F1BE459DD0045FB80 /* QRAVFoundationTests.m */; };
		EE606D6B1BE459DD0045FB80 /* QRAVFoundationUITests.m in Sources */ = {isa = PBXBuildFile; fileRef = EE606D6A1BE459DD0045FB80 /* QRAVFoundationUITests.m */; };
		EE606D7E1BE459FF0045FB80 /* QRCodeScanLine.png in Resources */ = {isa = PBXBuildFile; fileRef = EE606D791BE459FF0045FB80 /* QRCodeScanLine.png */; };
		EE606D7F1BE459FF0045FB80 /* QRView.m in Sources */ = {isa = PBXBuildFile; fileRef = EE606D7B1BE459FF0045FB80 /* QRView.m */; };
		EE606D801BE459FF0045FB80 /* QRViewController.m in Sources */ = {isa = PBXBuildFile; fileRef = EE606D7D1BE459FF0045FB80 /* QRViewController.m */; };
		EE606D851BE4688B0045FB80 /* navigationController.m in Sources */ = {isa = PBXBuildFile; fileRef = EE606D841BE4688B0045FB80 /* navigationController.m */; };
		EE606D871BE46B710045FB80 /* back_arrow.png in Resources */ = {isa = PBXBuildFile; fileRef = EE606D861BE46B710045FB80 /* back_arrow.png */; };
/* End PBXBuildFile section */

/* Begin PBXContainerItemProxy section */
		EE606D5C1BE459DD0045FB80 /* PBXContainerItemProxy */ = {
			isa = PBXContainerItemProxy;
			containerPortal = EE606D3A1BE459DD0045FB80 /* Project object */;
			proxyType = 1;
			remoteGlobalIDString = EE606D411BE459DD0045FB80;
			remoteInfo = QRAVFoundation;
		};
		EE606D671BE459DD0045FB80 /* PBXContainerItemProxy */ = {
			isa = PBXContainerItemProxy;
			containerPortal = EE606D3A1BE459DD0045FB80 /* Project object */;
			proxyType = 1;
			remoteGlobalIDString = EE606D411BE459DD0045FB80;
			remoteInfo = QRAVFoundation;
		};
/* End PBXContainerItemProxy section */

/* Begin PBXFileReference section */
		EE606D421BE459DD0045FB80 /* QRAVFoundation.app */ = {isa = PBXFileReference; explicitFileType = wrapper.application; includeInIndex = 0; path = QRAVFoundation.app; sourceTree = BUILT_PRODUCTS_DIR; };
		EE606D461BE459DD0045FB80 /* main.m */ = {isa = PBXFileReference; lastKnownFileType = sourcecode.c.objc; path = main.m; sourceTree = "<group>"; };
		EE606D481BE459DD0045FB80 /* AppDelegate.h */ = {isa = PBXFileReference; lastKnownFileType = sourcecode.c.h; path = AppDelegate.h; sourceTree = "<group>"; };
		EE606D491BE459DD0045FB80 /* AppDelegate.m */ = {isa = PBXFileReference; lastKnownFileType = sourcecode.c.objc; path = AppDelegate.m; sourceTree = "<group>"; };
		EE606D4B1BE459DD0045FB80 /* ViewController.h */ = {isa = PBXFileReference; lastKnownFileType = sourcecode.c.h; path = ViewController.h; sourceTree = "<group>"; };
		EE606D4C1BE459DD0045FB80 /* ViewController.m */ = {isa = PBXFileReference; lastKnownFileType = sourcecode.c.objc; path = ViewController.m; sourceTree = "<group>"; };
		EE606D4F1BE459DD0045FB80 /* Base */ = {isa = PBXFileReference; lastKnownFileType = file.storyboard; name = Base; path = Base.lproj/Main.storyboard; sourceTree = "<group>"; };
		EE606D511BE459DD0045FB80 /* Assets.xcassets */ = {isa = PBXFileReference; lastKnownFileType = folder.assetcatalog; path = Assets.xcassets; sourceTree = "<group>"; };
		EE606D541BE459DD0045FB80 /* Base */ = {isa = PBXFileReference; lastKnownFileType = file.storyboard; name = Base; path = Base.lproj/LaunchScreen.storyboard; sourceTree = "<group>"; };
		EE606D561BE459DD0045FB80 /* Info.plist */ = {isa = PBXFileReference; lastKnownFileType = text.plist.xml; path = Info.plist; sourceTree = "<group>"; };
		EE606D5B1BE459DD0045FB80 /* QRAVFoundationTests.xctest */ = {isa = PBXFileReference; explicitFileType = wrapper.cfbundle; includeInIndex = 0; path = QRAVFoundationTests.xctest; sourceTree = BUILT_PRODUCTS_DIR; };
		EE606D5F1BE459DD0045FB80 /* QRAVFoundationTests.m */ = {isa = PBXFileReference; lastKnownFileType = sourcecode.c.objc; path = QRAVFoundationTests.m; sourceTree = "<group>"; };
		EE606D611BE459DD0045FB80 /* Info.plist */ = {isa = PBXFileReference; lastKnownFileType = text.plist.xml; path = Info.plist; sourceTree = "<group>"; };
		EE606D661BE459DD0045FB80 /* QRAVFoundationUITests.xctest */ = {isa = PBXFileReference; explicitFileType = wrapper.cfbundle; includeInIndex = 0; path = QRAVFoundationUITests.xctest; sourceTree = BUILT_PRODUCTS_DIR; };
		EE606D6A1BE459DD0045FB80 /* QRAVFoundationUITests.m */ = {isa = PBXFileReference; lastKnownFileType = sourcecode.c.objc; path = QRAVFoundationUITests.m; sourceTree = "<group>"; };
		EE606D6C1BE459DD0045FB80 /* Info.plist */ = {isa = PBXFileReference; lastKnownFileType = text.plist.xml; path = Info.plist; sourceTree = "<group>"; };
		EE606D791BE459FF0045FB80 /* QRCodeScanLine.png */ = {isa = PBXFileReference; lastKnownFileType = image.png; path = QRCodeScanLine.png; sourceTree = "<group>"; };
		EE606D7A1BE459FF0045FB80 /* QRView.h */ = {isa = PBXFileReference; fileEncoding = 4; lastKnownFileType = sourcecode.c.h; path = QRView.h; sourceTree = "<group>"; };
		EE606D7B1BE459FF0045FB80 /* QRView.m */ = {isa = PBXFileReference; fileEncoding = 4; lastKnownFileType = sourcecode.c.objc; path = QRView.m; sourceTree = "<group>"; };
		EE606D7C1BE459FF0045FB80 /* QRViewController.h */ = {isa = PBXFileReference; fileEncoding = 4; lastKnownFileType = sourcecode.c.h; path = QRViewController.h; sourceTree = "<group>"; };
		EE606D7D1BE459FF0045FB80 /* QRViewController.m */ = {isa = PBXFileReference; fileEncoding = 4; lastKnownFileType = sourcecode.c.objc; path = QRViewController.m; sourceTree = "<group>"; };
		EE606D831BE4688B0045FB80 /* navigationController.h */ = {isa = PBXFileReference; fileEncoding = 4; lastKnownFileType = sourcecode.c.h; path = navigationController.h; sourceTree = "<group>"; };
		EE606D841BE4688B0045FB80 /* navigationController.m */ = {isa = PBXFileReference; fileEncoding = 4; lastKnownFileType = sourcecode.c.objc; path = navigationController.m; sourceTree = "<group>"; };
		EE606D861BE46B710045FB80 /* back_arrow.png */ = {isa = PBXFileReference; lastKnownFileType = image.png; path = back_arrow.png; sourceTree = "<group>"; };
/* End PBXFileReference section */

/* Begin PBXFrameworksBuildPhase section */
		EE606D3F1BE459DD0045FB80 /* Frameworks */ = {
			isa = PBXFrameworksBuildPhase;
			buildActionMask = 2147483647;
			files = (
			);
			runOnlyForDeploymentPostprocessing = 0;
		};
		EE606D581BE459DD0045FB80 /* Frameworks */ = {
			isa = PBXFrameworksBuildPhase;
			buildActionMask = 2147483647;
			files = (
			);
			runOnlyForDeploymentPostprocessing = 0;
		};
		EE606D631BE459DD0045FB80 /* Frameworks */ = {
			isa = PBXFrameworksBuildPhase;
			buildActionMask = 2147483647;
			files = (
			);
			runOnlyForDeploymentPostprocessing = 0;
		};
/* End PBXFrameworksBuildPhase section */

/* Begin PBXGroup section */
		EE606D391BE459DD0045FB80 = {
			isa = PBXGroup;
			children = (
				EE606D441BE459DD0045FB80 /* QRAVFoundation */,
				EE606D5E1BE459DD0045FB80 /* QRAVFoundationTests */,
				EE606D691BE459DD0045FB80 /* QRAVFoundationUITests */,
				EE606D431BE459DD0045FB80 /* Products */,
			);
			sourceTree = "<group>";
		};
		EE606D431BE459DD0045FB80 /* Products */ = {
			isa = PBXGroup;
			children = (
				EE606D421BE459DD0045FB80 /* QRAVFoundation.app */,
				EE606D5B1BE459DD0045FB80 /* QRAVFoundationTests.xctest */,
				EE606D661BE459DD0045FB80 /* QRAVFoundationUITests.xctest */,
			);
			name = Products;
			sourceTree = "<group>";
		};
		EE606D441BE459DD0045FB80 /* QRAVFoundation */ = {
			isa = PBXGroup;
			children = (
				EE606D781BE459FF0045FB80 /* QR */,
				EE606D481BE459DD0045FB80 /* AppDelegate.h */,
				EE606D491BE459DD0045FB80 /* AppDelegate.m */,
				EE606D4B1BE459DD0045FB80 /* ViewController.h */,
				EE606D4C1BE459DD0045FB80 /* ViewController.m */,
				EE606D4E1BE459DD0045FB80 /* Main.storyboard */,
				EE606D511BE459DD0045FB80 /* Assets.xcassets */,
				EE606D531BE459DD0045FB80 /* LaunchScreen.storyboard */,
				EE606D561BE459DD0045FB80 /* Info.plist */,
				EE606D451BE459DD0045FB80 /* Supporting Files */,
				EE606D831BE4688B0045FB80 /* navigationController.h */,
				EE606D841BE4688B0045FB80 /* navigationController.m */,
			);
			path = QRAVFoundation;
			sourceTree = "<group>";
		};
		EE606D451BE459DD0045FB80 /* Supporting Files */ = {
			isa = PBXGroup;
			children = (
				EE606D461BE459DD0045FB80 /* main.m */,
			);
			name = "Supporting Files";
			sourceTree = "<group>";
		};
		EE606D5E1BE459DD0045FB80 /* QRAVFoundationTests */ = {
			isa = PBXGroup;
			children = (
				EE606D5F1BE459DD0045FB80 /* QRAVFoundationTests.m */,
				EE606D611BE459DD0045FB80 /* Info.plist */,
			);
			path = QRAVFoundationTests;
			sourceTree = "<group>";
		};
		EE606D691BE459DD0045FB80 /* QRAVFoundationUITests */ = {
			isa = PBXGroup;
			children = (
				EE606D6A1BE459DD0045FB80 /* QRAVFoundationUITests.m */,
				EE606D6C1BE459DD0045FB80 /* Info.plist */,
			);
			path = QRAVFoundationUITests;
			sourceTree = "<group>";
		};
		EE606D781BE459FF0045FB80 /* QR */ = {
			isa = PBXGroup;
			children = (
				EE606D861BE46B710045FB80 /* back_arrow.png */,
				EE606D791BE459FF0045FB80 /* QRCodeScanLine.png */,
				EE606D7A1BE459FF0045FB80 /* QRView.h */,
				EE606D7B1BE459FF0045FB80 /* QRView.m */,
				EE606D7C1BE459FF0045FB80 /* QRViewController.h */,
				EE606D7D1BE459FF0045FB80 /* QRViewController.m */,
			);
			path = QR;
			sourceTree = "<group>";
		};
/* End PBXGroup section */

/* Begin PBXNativeTarget section */
		EE606D411BE459DD0045FB80 /* QRAVFoundation */ = {
			isa = PBXNativeTarget;
			buildConfigurationList = EE606D6F1BE459DD0045FB80 /* Build configuration list for PBXNativeTarget "QRAVFoundation" */;
			buildPhases = (
				EE606D3E1BE459DD0045FB80 /* Sources */,
				EE606D3F1BE459DD0045FB80 /* Frameworks */,
				EE606D401BE459DD0045FB80 /* Resources */,
			);
			buildRules = (
			);
			dependencies = (
			);
			name = QRAVFoundation;
			productName = QRAVFoundation;
			productReference = EE606D421BE459DD0045FB80 /* QRAVFoundation.app */;
			productType = "com.apple.product-type.application";
		};
		EE606D5A1BE459DD0045FB80 /* QRAVFoundationTests */ = {
			isa = PBXNativeTarget;
			buildConfigurationList = EE606D721BE459DD0045FB80 /* Build configuration list for PBXNativeTarget "QRAVFoundationTests" */;
			buildPhases = (
				EE606D571BE459DD0045FB80 /* Sources */,
				EE606D581BE459DD0045FB80 /* Frameworks */,
				EE606D591BE459DD0045FB80 /* Resources */,
			);
			buildRules = (
			);
			dependencies = (
				EE606D5D1BE459DD0045FB80 /* PBXTargetDependency */,
			);
			name = QRAVFoundationTests;
			productName = QRAVFoundationTests;
			productReference = EE606D5B1BE459DD0045FB80 /* QRAVFoundationTests.xctest */;
			productType = "com.apple.product-type.bundle.unit-test";
		};
		EE606D651BE459DD0045FB80 /* QRAVFoundationUITests */ = {
			isa = PBXNativeTarget;
			buildConfigurationList = EE606D751BE459DD0045FB80 /* Build configuration list for PBXNativeTarget "QRAVFoundationUITests" */;
			buildPhases = (
				EE606D621BE459DD0045FB80 /* Sources */,
				EE606D631BE459DD0045FB80 /* Frameworks */,
				EE606D641BE459DD0045FB80 /* Resources */,
			);
			buildRules = (
			);
			dependencies = (
				EE606D681BE459DD0045FB80 /* PBXTargetDependency */,
			);
			name = QRAVFoundationUITests;
			productName = QRAVFoundationUITests;
			productReference = EE606D661BE459DD0045FB80 /* QRAVFoundationUITests.xctest */;
			productType = "com.apple.product-type.bundle.ui-testing";
		};
/* End PBXNativeTarget section */

/* Begin PBXProject section */
		EE606D3A1BE459DD0045FB80 /* Project object */ = {
			isa = PBXProject;
			attributes = {
				LastUpgradeCheck = 0710;
				ORGANIZATIONNAME = YunMei;
				TargetAttributes = {
					EE606D411BE459DD0045FB80 = {
						CreatedOnToolsVersion = 7.1;
					};
					EE606D5A1BE459DD0045FB80 = {
						CreatedOnToolsVersion = 7.1;
						TestTargetID = EE606D411BE459DD0045FB80;
					};
					EE606D651BE459DD0045FB80 = {
						CreatedOnToolsVersion = 7.1;
						TestTargetID = EE606D411BE459DD0045FB80;
					};
				};
			};
			buildConfigurationList = EE606D3D1BE459DD0045FB80 /* Build configuration list for PBXProject "QRAVFoundation" */;
			compatibilityVersion = "Xcode 3.2";
			developmentRegion = English;
			hasScannedForEncodings = 0;
			knownRegions = (
				en,
				Base,
			);
			mainGroup = EE606D391BE459DD0045FB80;
			productRefGroup = EE606D431BE459DD0045FB80 /* Products */;
			projectDirPath = "";
			projectRoot = "";
			targets = (
				EE606D411BE459DD0045FB80 /* QRAVFoundation */,
				EE606D5A1BE459DD0045FB80 /* QRAVFoundationTests */,
				EE606D651BE459DD0045FB80 /* QRAVFoundationUITests */,
			);
		};
/* End PBXProject section */

/* Begin PBXResourcesBuildPhase section */
		EE606D401BE459DD0045FB80 /* Resources */ = {
			isa = PBXResourcesBuildPhase;
			buildActionMask = 2147483647;
			files = (
				EE606D551BE459DD0045FB80 /* LaunchScreen.storyboard in Resources */,
				EE606D871BE46B710045FB80 /* back_arrow.png in Resources */,
				EE606D7E1BE459FF0045FB80 /* QRCodeScanLine.png in Resources */,
				EE606D521BE459DD0045FB80 /* Assets.xcassets in Resources */,
				EE606D501BE459DD0045FB80 /* Main.storyboard in Resources */,
			);
			runOnlyForDeploymentPostprocessing = 0;
		};
		EE606D591BE459DD0045FB80 /* Resources */ = {
			isa = PBXResourcesBuildPhase;
			buildActionMask = 2147483647;
			files = (
			);
			runOnlyForDeploymentPostprocessing = 0;
		};
		EE606D641BE459DD0045FB80 /* Resources */ = {
			isa = PBXResourcesBuildPhase;
			buildActionMask = 2147483647;
			files = (
			);
			runOnlyForDeploymentPostprocessing = 0;
		};
/* End PBXResourcesBuildPhase section */

/* Begin PBXSourcesBuildPhase section */
		EE606D3E1BE459DD0045FB80 /* Sources */ = {
			isa = PBXSourcesBuildPhase;
			buildActionMask = 2147483647;
			files = (
				EE606D4D1BE459DD0045FB80 /* ViewController.m in Sources */,
				EE606D7F1BE459FF0045FB80 /* QRView.m in Sources */,
				EE606D801BE459FF0045FB80 /* QRViewController.m in Sources */,
				EE606D851BE4688B0045FB80 /* navigationController.m in Sources */,
				EE606D4A1BE459DD0045FB80 /* AppDelegate.m in Sources */,
				EE606D471BE459DD0045FB80 /* main.m in Sources */,
			);
			runOnlyForDeploymentPostprocessing = 0;
		};
		EE606D571BE459DD0045FB80 /* Sources */ = {
			isa = PBXSourcesBuildPhase;
			buildActionMask = 2147483647;
			files = (
				EE606D601BE459DD0045FB80 /* QRAVFoundationTests.m in Sources */,
			);
			runOnlyForDeploymentPostprocessing = 0;
		};
		EE606D621BE459DD0045FB80 /* Sources */ = {
			isa = PBXSourcesBuildPhase;
			buildActionMask = 2147483647;
			files = (
				EE606D6B1BE459DD0045FB80 /* QRAVFoundationUITests.m in Sources */,
			);
			runOnlyForDeploymentPostprocessing = 0;
		};
/* End PBXSourcesBuildPhase section */

/* Begin PBXTargetDependency section */
		EE606D5D1BE459DD0045FB80 /* PBXTargetDependency */ = {
			isa = PBXTargetDependency;
			target = EE606D411BE459DD0045FB80 /* QRAVFoundation */;
			targetProxy = EE606D5C1BE459DD0045FB80 /* PBXContainerItemProxy */;
		};
		EE606D681BE459DD0045FB80 /* PBXTargetDependency */ = {
			isa = PBXTargetDependency;
			target = EE606D411BE459DD0045FB80 /* QRAVFoundation */;
			targetProxy = EE606D671BE459DD0045FB80 /* PBXContainerItemProxy */;
		};
/* End PBXTargetDependency section */

/* Begin PBXVariantGroup section */
		EE606D4E1BE459DD0045FB80 /* Main.storyboard */ = {
			isa = PBXVariantGroup;
			children = (
				EE606D4F1BE459DD0045FB80 /* Base */,
			);
			name = Main.storyboard;
			sourceTree = "<group>";
		};
		EE606D531BE459DD0045FB80 /* LaunchScreen.storyboard */ = {
			isa = PBXVariantGroup;
			children = (
				EE606D541BE459DD0045FB80 /* Base */,
			);
			name = LaunchScreen.storyboard;
			sourceTree = "<group>";
		};
/* End PBXVariantGroup section */

/* Begin XCBuildConfiguration section */
		EE606D6D1BE459DD0045FB80 /* Debug */ = {
			isa = XCBuildConfiguration;
			buildSettings = {
				ALWAYS_SEARCH_USER_PATHS = NO;
				CLANG_CXX_LANGUAGE_STANDARD = "gnu++0x";
				CLANG_CXX_LIBRARY = "libc++";
				CLANG_ENABLE_MODULES = YES;
				CLANG_ENABLE_OBJC_ARC = YES;
				CLANG_WARN_BOOL_CONVERSION = YES;
				CLANG_WARN_CONSTANT_CONVERSION = YES;
				CLANG_WARN_DIRECT_OBJC_ISA_USAGE = YES_ERROR;
				CLANG_WARN_EMPTY_BODY = YES;
				CLANG_WARN_ENUM_CONVERSION = YES;
				CLANG_WARN_INT_CONVERSION = YES;
				CLANG_WARN_OBJC_ROOT_CLASS = YES_ERROR;
				CLANG_WARN_UNREACHABLE_CODE = YES;
				CLANG_WARN__DUPLICATE_METHOD_MATCH = YES;
				"CODE_SIGN_IDENTITY[sdk=iphoneos*]" = "iPhone Developer";
				COPY_PHASE_STRIP = NO;
				DEBUG_INFORMATION_FORMAT = dwarf;
				ENABLE_STRICT_OBJC_MSGSEND = YES;
				ENABLE_TESTABILITY = YES;
				GCC_C_LANGUAGE_STANDARD = gnu99;
				GCC_DYNAMIC_NO_PIC = NO;
				GCC_NO_COMMON_BLOCKS = YES;
				GCC_OPTIMIZATION_LEVEL = 0;
				GCC_PREPROCESSOR_DEFINITIONS = (
					"DEBUG=1",
					"$(inherited)",
				);
				GCC_WARN_64_TO_32_BIT_CONVERSION = YES;
				GCC_WARN_ABOUT_RETURN_TYPE = YES_ERROR;
				GCC_WARN_UNDECLARED_SELECTOR = YES;
				GCC_WARN_UNINITIALIZED_AUTOS = YES_AGGRESSIVE;
				GCC_WARN_UNUSED_FUNCTION = YES;
				GCC_WARN_UNUSED_VARIABLE = YES;
				IPHONEOS_DEPLOYMENT_TARGET = 9.1;
				MTL_ENABLE_DEBUG_INFO = YES;
				ONLY_ACTIVE_ARCH = YES;
				SDKROOT = iphoneos;
			};
			name = Debug;
		};
		EE606D6E1BE459DD0045FB80 /* Release */ = {
			isa = XCBuildConfiguration;
			buildSettings = {
				ALWAYS_SEARCH_USER_PATHS = NO;
				CLANG_CXX_LANGUAGE_STANDARD = "gnu++0x";
				CLANG_CXX_LIBRARY = "libc++";
				CLANG_ENABLE_MODULES = YES;
				CLANG_ENABLE_OBJC_ARC = YES;
				CLANG_WARN_BOOL_CONVERSION = YES;
				CLANG_WARN_CONSTANT_CONVERSION = YES;
				CLANG_WARN_DIRECT_OBJC_ISA_USAGE = YES_ERROR;
				CLANG_WARN_EMPTY_BODY = YES;
				CLANG_WARN_ENUM_CONVERSION = YES;
				CLANG_WARN_INT_CONVERSION = YES;
				CLANG_WARN_OBJC_ROOT_CLASS = YES_ERROR;
				CLANG_WARN_UNREACHABLE_CODE = YES;
				CLANG_WARN__DUPLICATE_METHOD_MATCH = YES;
				"CODE_SIGN_IDENTITY[sdk=iphoneos*]" = "iPhone Developer";
				COPY_PHASE_STRIP = NO;
				DEBUG_INFORMATION_FORMAT = "dwarf-with-dsym";
				ENABLE_NS_ASSERTIONS = NO;
				ENABLE_STRICT_OBJC_MSGSEND = YES;
				GCC_C_LANGUAGE_STANDARD = gnu99;
				GCC_NO_COMMON_BLOCKS = YES;
				GCC_WARN_64_TO_32_BIT_CONVERSION = YES;
				GCC_WARN_ABOUT_RETURN_TYPE = YES_ERROR;
				GCC_WARN_UNDECLARED_SELECTOR = YES;
				GCC_WARN_UNINITIALIZED_AUTOS = YES_AGGRESSIVE;
				GCC_WARN_UNUSED_FUNCTION = YES;
				GCC_WARN_UNUSED_VARIABLE = YES;
				IPHONEOS_DEPLOYMENT_TARGET = 9.1;
				MTL_ENABLE_DEBUG_INFO = NO;
				SDKROOT = iphoneos;
				VALIDATE_PRODUCT = YES;
			};
			name = Release;
		};
		EE606D701BE459DD0045FB80 /* Debug */ = {
			isa = XCBuildConfiguration;
			buildSettings = {
				ASSETCATALOG_COMPILER_APPICON_NAME = AppIcon;
				INFOPLIST_FILE = QRAVFoundation/Info.plist;
				IPHONEOS_DEPLOYMENT_TARGET = 7.0;
				LD_RUNPATH_SEARCH_PATHS = "$(inherited) @executable_path/Frameworks";
				PRODUCT_BUNDLE_IDENTIFIER = com.retechcorp.QRAVFoundation;
				PRODUCT_NAME = "$(TARGET_NAME)";
			};
			name = Debug;
		};
		EE606D711BE459DD0045FB80 /* Release */ = {
			isa = XCBuildConfiguration;
			buildSettings = {
				ASSETCATALOG_COMPILER_APPICON_NAME = AppIcon;
				INFOPLIST_FILE = QRAVFoundation/Info.plist;
				IPHONEOS_DEPLOYMENT_TARGET = 7.0;
				LD_RUNPATH_SEARCH_PATHS = "$(inherited) @executable_path/Frameworks";
				PRODUCT_BUNDLE_IDENTIFIER = com.retechcorp.QRAVFoundation;
				PRODUCT_NAME = "$(TARGET_NAME)";
			};
			name = Release;
		};
		EE606D731BE459DD0045FB80 /* Debug */ = {
			isa = XCBuildConfiguration;
			buildSettings = {
				BUNDLE_LOADER = "$(TEST_HOST)";
				INFOPLIST_FILE = QRAVFoundationTests/Info.plist;
				LD_RUNPATH_SEARCH_PATHS = "$(inherited) @executable_path/Frameworks @loader_path/Frameworks";
				PRODUCT_BUNDLE_IDENTIFIER = com.retechcorp.QRAVFoundationTests;
				PRODUCT_NAME = "$(TARGET_NAME)";
				TEST_HOST = "$(BUILT_PRODUCTS_DIR)/QRAVFoundation.app/QRAVFoundation";
			};
			name = Debug;
		};
		EE606D741BE459DD0045FB80 /* Release */ = {
			isa = XCBuildConfiguration;
			buildSettings = {
				BUNDLE_LOADER = "$(TEST_HOST)";
				INFOPLIST_FILE = QRAVFoundationTests/Info.plist;
				LD_RUNPATH_SEARCH_PATHS = "$(inherited) @executable_path/Frameworks @loader_path/Frameworks";
				PRODUCT_BUNDLE_IDENTIFIER = com.retechcorp.QRAVFoundationTests;
				PRODUCT_NAME = "$(TARGET_NAME)";
				TEST_HOST = "$(BUILT_PRODUCTS_DIR)/QRAVFoundation.app/QRAVFoundation";
			};
			name = Release;
		};
		EE606D761BE459DD0045FB80 /* Debug */ = {
			isa = XCBuildConfiguration;
			buildSettings = {
				INFOPLIST_FILE = QRAVFoundationUITests/Info.plist;
				LD_RUNPATH_SEARCH_PATHS = "$(inherited) @executable_path/Frameworks @loader_path/Frameworks";
				PRODUCT_BUNDLE_IDENTIFIER = com.retechcorp.QRAVFoundationUITests;
				PRODUCT_NAME = "$(TARGET_NAME)";
				TEST_TARGET_NAME = QRAVFoundation;
				USES_XCTRUNNER = YES;
			};
			name = Debug;
		};
		EE606D771BE459DD0045FB80 /* Release */ = {
			isa = XCBuildConfiguration;
			buildSettings = {
				INFOPLIST_FILE = QRAVFoundationUITests/Info.plist;
				LD_RUNPATH_SEARCH_PATHS = "$(inherited) @executable_path/Frameworks @loader_path/Frameworks";
				PRODUCT_BUNDLE_IDENTIFIER = com.retechcorp.QRAVFoundationUITests;
				PRODUCT_NAME = "$(TARGET_NAME)";
				TEST_TARGET_NAME = QRAVFoundation;
				USES_XCTRUNNER = YES;
			};
			name = Release;
		};
/* End XCBuildConfiguration section */

/* Begin XCConfigurationList section */
		EE606D3D1BE459DD0045FB80 /* Build configuration list for PBXProject "QRAVFoundation" */ = {
			isa = XCConfigurationList;
			buildConfigurations = (
				EE606D6D1BE459DD0045FB80 /* Debug */,
				EE606D6E1BE459DD0045FB80 /* Release */,
			);
			defaultConfigurationIsVisible = 0;
			defaultConfigurationName = Release;
		};
		EE606D6F1BE459DD0045FB80 /* Build configuration list for PBXNativeTarget "QRAVFoundation" */ = {
			isa = XCConfigurationList;
			buildConfigurations = (
				EE606D701BE459DD0045FB80 /* Debug */,
				EE606D711BE459DD0045FB80 /* Release */,
			);
			defaultConfigurationIsVisible = 0;
		};
		EE606D721BE459DD0045FB80 /* Build configuration list for PBXNativeTarget "QRAVFoundationTests" */ = {
			isa = XCConfigurationList;
			buildConfigurations = (
				EE606D731BE459DD0045FB80 /* Debug */,
				EE606D741BE459DD0045FB80 /* Release */,
			);
			defaultConfigurationIsVisible = 0;
		};
		EE606D751BE459DD0045FB80 /* Build configuration list for PBXNativeTarget "QRAVFoundationUITests" */ = {
			isa = XCConfigurationList;
			buildConfigurations = (
				EE606D761BE459DD0045FB80 /* Debug */,
				EE606D771BE459DD0045FB80 /* Release */,
			);
			defaultConfigurationIsVisible = 0;
		};
/* End XCConfigurationList section */
	};
	rootObject = EE606D3A1BE459DD0045FB80 /* Project object */;
}
